
Microsoft Visual Studio Solution File, Format Version 12.00
# Visual Studio Version 17
VisualStudioVersion = 17.5.001.0
MinimumVisualStudioVersion = 10.0.40219.1
Project("{9A19103F-16F7-4668-BE54-9A1E7A4F7556}") = "070_pony_explorer", "070_pony_explorer.csproj", "{122CF19D-756F-4345-9962-1ADD4D0328F0}"
EndProject
Global
	GlobalSection(SolutionConfigurationPlatforms) = preSolution
		Debug|Any CPU = Debug|Any CPU
		Release|Any CPU = Release|Any CPU
	EndGlobalSection
	GlobalSection(ProjectConfigurationPlatforms) = postSolution
		{122CF19D-756F-4345-9962-1ADD4D0328F0}.Debug|Any CPU.ActiveCfg = Debug|Any CPU
		{122CF19D-756F-4345-9962-1ADD4D0328F0}.Debug|Any CPU.Build.0 = Debug|Any CPU
		{122CF19D-756F-4345-9962-1ADD4D0328F0}.Release|Any CPU.ActiveCfg = Release|Any CPU
		{122CF19D-756F-4345-9962-1ADD4D0328F0}.Release|Any CPU.Build.0 = Release|Any CPU
	EndGlobalSection
	GlobalSection(SolutionProperties) = preSolution
		HideSolutionNode = FALSE
	EndGlobalSection
	GlobalSection(ExtensibilityGlobals) = postSolution
		SolutionGuid = {C2B794E0-D079-4390-8686-7A27CFCAD9F6}
	EndGlobalSection
EndGlobal
